
Microsoft Visual Studio Solution File, Format Version 12.00
# Visual Studio 15
VisualStudioVersion = 15.0.26206.0
MinimumVisualStudioVersion = 10.0.40219.1
Project("{FAE04EC0-301F-11D3-BF4B-00C04F79EFBC}") = "Web", "Web\Web.csproj", "{9CA582CA-643B-4631-87D6-FA7C64585EFC}"
EndProject
Project("{FAE04EC0-301F-11D3-BF4B-00C04F79EFBC}") = "DAL", "DAL\DAL.csproj", "{1F737A4A-AA0B-432D-BD0E-3D615643D5DE}"
EndProject
Project("{FAE04EC0-301F-11D3-BF4B-00C04F79EFBC}") = "Entities", "Entities\Entities.csproj", "{1ED43C27-BC71-459E-B6AD-55E18CA7B1B0}"
EndProject
Global
	GlobalSection(SolutionConfigurationPlatforms) = preSolution
		Debug|Any CPU = Debug|Any CPU
		Debug|x64 = Debug|x64
		Debug|x86 = Debug|x86
		Release|Any CPU = Release|Any CPU
		Release|x64 = Release|x64
		Release|x86 = Release|x86
	EndGlobalSection
	GlobalSection(ProjectConfigurationPlatforms) = postSolution
		{9CA582CA-643B-4631-87D6-FA7C64585EFC}.Debug|Any CPU.ActiveCfg = Debug|Any CPU
		{9CA582CA-643B-4631-87D6-FA7C64585EFC}.Debug|Any CPU.Build.0 = Debug|Any CPU
		{9CA582CA-643B-4631-87D6-FA7C64585EFC}.Debug|x64.ActiveCfg = Debug|Any CPU
		{9CA582CA-643B-4631-87D6-FA7C64585EFC}.Debug|x64.Build.0 = Debug|Any CPU
		{9CA582CA-643B-4631-87D6-FA7C64585EFC}.Debug|x86.ActiveCfg = Debug|Any CPU
		{9CA582CA-643B-4631-87D6-FA7C64585EFC}.Debug|x86.Build.0 = Debug|Any CPU
		{9CA582CA-643B-4631-87D6-FA7C64585EFC}.Release|Any CPU.ActiveCfg = Release|Any CPU
		{9CA582CA-643B-4631-87D6-FA7C64585EFC}.Release|Any CPU.Build.0 = Release|Any CPU
		{9CA582CA-643B-4631-87D6-FA7C64585EFC}.Release|x64.ActiveCfg = Release|Any CPU
		{9CA582CA-643B-4631-87D6-FA7C64585EFC}.Release|x64.Build.0 = Release|Any CPU
		{9CA582CA-643B-4631-87D6-FA7C64585EFC}.Release|x86.ActiveCfg = Release|Any CPU
		{9CA582CA-643B-4631-87D6-FA7C64585EFC}.Release|x86.Build.0 = Release|Any CPU
		{1F737A4A-AA0B-432D-BD0E-3D615643D5DE}.Debug|Any CPU.ActiveCfg = Debug|Any CPU
		{1F737A4A-AA0B-432D-BD0E-3D615643D5DE}.Debug|Any CPU.Build.0 = Debug|Any CPU
		{1F737A4A-AA0B-432D-BD0E-3D615643D5DE}.Debug|x64.ActiveCfg = Debug|Any CPU
		{1F737A4A-AA0B-432D-BD0E-3D615643D5DE}.Debug|x64.Build.0 = Debug|Any CPU
		{1F737A4A-AA0B-432D-BD0E-3D615643D5DE}.Debug|x86.ActiveCfg = Debug|Any CPU
		{1F737A4A-AA0B-432D-BD0E-3D615643D5DE}.Debug|x86.Build.0 = Debug|Any CPU
		{1F737A4A-AA0B-432D-BD0E-3D615643D5DE}.Release|Any CPU.ActiveCfg = Release|Any CPU
		{1F737A4A-AA0B-432D-BD0E-3D615643D5DE}.Release|Any CPU.Build.0 = Release|Any CPU
		{1F737A4A-AA0B-432D-BD0E-3D615643D5DE}.Release|x64.ActiveCfg = Release|Any CPU
		{1F737A4A-AA0B-432D-BD0E-3D615643D5DE}.Release|x64.Build.0 = Release|Any CPU
		{1F737A4A-AA0B-432D-BD0E-3D615643D5DE}.Release|x86.ActiveCfg = Release|Any CPU
		{1F737A4A-AA0B-432D-BD0E-3D615643D5DE}.Release|x86.Build.0 = Release|Any CPU
		{1ED43C27-BC71-459E-B6AD-55E18CA7B1B0}.Debug|Any CPU.ActiveCfg = Debug|Any CPU
		{1ED43C27-BC71-459E-B6AD-55E18CA7B1B0}.Debug|Any CPU.Build.0 = Debug|Any CPU
		{1ED43C27-BC71-459E-B6AD-55E18CA7B1B0}.Debug|x64.ActiveCfg = Debug|Any CPU
		{1ED43C27-BC71-459E-B6AD-55E18CA7B1B0}.Debug|x64.Build.0 = Debug|Any CPU
		{1ED43C27-BC71-459E-B6AD-55E18CA7B1B0}.Debug|x86.ActiveCfg = Debug|Any CPU
		{1ED43C27-BC71-459E-B6AD-55E18CA7B1B0}.Debug|x86.Build.0 = Debug|Any CPU
		{1ED43C27-BC71-459E-B6AD-55E18CA7B1B0}.Release|Any CPU.ActiveCfg = Release|Any CPU
		{1ED43C27-BC71-459E-B6AD-55E18CA7B1B0}.Release|Any CPU.Build.0 = Release|Any CPU
		{1ED43C27-BC71-459E-B6AD-55E18CA7B1B0}.Release|x64.ActiveCfg = Release|Any CPU
		{1ED43C27-BC71-459E-B6AD-55E18CA7B1B0}.Release|x64.Build.0 = Release|Any CPU
		{1ED43C27-BC71-459E-B6AD-55E18CA7B1B0}.Release|x86.ActiveCfg = Release|Any CPU
		{1ED43C27-BC71-459E-B6AD-55E18CA7B1B0}.Release|x86.Build.0 = Release|Any CPU
	EndGlobalSection
	GlobalSection(SolutionProperties) = preSolution
		HideSolutionNode = FALSE
	EndGlobalSection
EndGlobal
